
Microsoft Visual Studio Solution File, Format Version 12.00
# Visual Studio Version 17
VisualStudioVersion = 17.0.31611.283
MinimumVisualStudioVersion = 10.0.40219.1
Project("{9A19103F-16F7-4668-BE54-9A1E7A4F7556}") = "MAUIAndroidReleaseTool", "MAUIAndroidReleaseTool\MAUIAndroidReleaseTool.csproj", "{3017EDFD-5D23-4381-A3C2-4A7F1331E54C}"
EndProject
Project("{2150E333-8FDC-42A3-9474-1A3956D46DE8}") = "解决方案项", "解决方案项", "{8C4638F3-94D5-4934-80D4-99E3AB0A7982}"
	ProjectSection(SolutionItems) = preProject
		README.md = README.md
	EndProjectSection
EndProject
Global
	GlobalSection(SolutionConfigurationPlatforms) = preSolution
		Debug|Any CPU = Debug|Any CPU
		Release|Any CPU = Release|Any CPU
	EndGlobalSection
	GlobalSection(ProjectConfigurationPlatforms) = postSolution
		{3017EDFD-5D23-4381-A3C2-4A7F1331E54C}.Debug|Any CPU.ActiveCfg = Debug|Any CPU
		{3017EDFD-5D23-4381-A3C2-4A7F1331E54C}.Debug|Any CPU.Build.0 = Debug|Any CPU
		{3017EDFD-5D23-4381-A3C2-4A7F1331E54C}.Debug|Any CPU.Deploy.0 = Debug|Any CPU
		{3017EDFD-5D23-4381-A3C2-4A7F1331E54C}.Release|Any CPU.ActiveCfg = Release|Any CPU
		{3017EDFD-5D23-4381-A3C2-4A7F1331E54C}.Release|Any CPU.Build.0 = Release|Any CPU
		{3017EDFD-5D23-4381-A3C2-4A7F1331E54C}.Release|Any CPU.Deploy.0 = Release|Any CPU
	EndGlobalSection
	GlobalSection(SolutionProperties) = preSolution
		HideSolutionNode = FALSE
	EndGlobalSection
	GlobalSection(ExtensibilityGlobals) = postSolution
		        SolutionGuid = {61F7FB11-1E47-470C-91E2-47F8143E1572}
		SolutionGuid = {204DC3AC-C5DB-4C14-9FA6-B33CF003D523}
	EndGlobalSection
EndGlobal
